
Microsoft Visual Studio Solution File, Format Version 12.00
# Visual Studio Version 17
VisualStudioVersion = 17.0.32126.317
MinimumVisualStudioVersion = 10.0.40219.1
Project("{FAE04EC0-301F-11D3-BF4B-00C04F79EFBC}") = "MyAudioPlayer", "MyAudioPlayer.csproj", "{E4F2F4A7-9065-4C65-9D46-1EE9E8FEB1E2}"
EndProject
Global
	GlobalSection(SolutionConfigurationPlatforms) = preSolution
		Debug|Any CPU = Debug|Any CPU
		Release|Any CPU = Release|Any CPU
	EndGlobalSection
	GlobalSection(ProjectConfigurationPlatforms) = postSolution
		{E4F2F4A7-9065-4C65-9D46-1EE9E8FEB1E2}.Debug|Any CPU.ActiveCfg = Debug|Any CPU
		{E4F2F4A7-9065-4C65-9D46-1EE9E8FEB1E2}.Debug|Any CPU.Build.0 = Debug|Any CPU
		{E4F2F4A7-9065-4C65-9D46-1EE9E8FEB1E2}.Release|Any CPU.ActiveCfg = Release|Any CPU
		{E4F2F4A7-9065-4C65-9D46-1EE9E8FEB1E2}.Release|Any CPU.Build.0 = Release|Any CPU
	EndGlobalSection
	GlobalSection(SolutionProperties) = preSolution
		HideSolutionNode = FALSE
	EndGlobalSection
	GlobalSection(ExtensibilityGlobals) = postSolution
		SolutionGuid = {01F75A59-2CAB-45FA-92ED-C6F54A37965D}
	EndGlobalSection
EndGlobal
